
Microsoft Visual Studio Solution File, Format Version 12.00
# Visual Studio Version 17
VisualStudioVersion = 17.13.35919.96
MinimumVisualStudioVersion = 10.0.40219.1
Project("{F184B08F-C81C-45F6-A57F-5ABD9991F28F}") = "WpfEmbarques", "WpfEmbarques\WpfEmbarques.vbproj", "{B76483C6-0E0A-40C7-97E9-80F8C0BA2D65}"
EndProject
Project("{2150E333-8FDC-42A3-9474-1A3956D46DE8}") = "Elementos de la solución", "Elementos de la solución", "{D107F4C8-89CC-BEA8-D3D7-CA6B7733353D}"
EndProject
Project("{FAE04EC0-301F-11D3-BF4B-00C04F79EFBC}") = "InformesQuestPdf", "InformesQuestPdf\InformesQuestPdf.csproj", "{BB8455C0-5C1C-4998-B2F1-74CDE7D5BCEF}"
EndProject
Global
	GlobalSection(SolutionConfigurationPlatforms) = preSolution
		Debug|Any CPU = Debug|Any CPU
		Release|Any CPU = Release|Any CPU
	EndGlobalSection
	GlobalSection(ProjectConfigurationPlatforms) = postSolution
		{B76483C6-0E0A-40C7-97E9-80F8C0BA2D65}.Debug|Any CPU.ActiveCfg = Debug|Any CPU
		{B76483C6-0E0A-40C7-97E9-80F8C0BA2D65}.Debug|Any CPU.Build.0 = Debug|Any CPU
		{B76483C6-0E0A-40C7-97E9-80F8C0BA2D65}.Release|Any CPU.ActiveCfg = Release|Any CPU
		{B76483C6-0E0A-40C7-97E9-80F8C0BA2D65}.Release|Any CPU.Build.0 = Release|Any CPU
		{BB8455C0-5C1C-4998-B2F1-74CDE7D5BCEF}.Debug|Any CPU.ActiveCfg = Debug|Any CPU
		{BB8455C0-5C1C-4998-B2F1-74CDE7D5BCEF}.Debug|Any CPU.Build.0 = Debug|Any CPU
		{BB8455C0-5C1C-4998-B2F1-74CDE7D5BCEF}.Release|Any CPU.ActiveCfg = Release|Any CPU
		{BB8455C0-5C1C-4998-B2F1-74CDE7D5BCEF}.Release|Any CPU.Build.0 = Release|Any CPU
	EndGlobalSection
	GlobalSection(SolutionProperties) = preSolution
		HideSolutionNode = FALSE
	EndGlobalSection
	GlobalSection(ExtensibilityGlobals) = postSolution
		SolutionGuid = {D7E48C89-D049-4FAD-8ABE-292309E2415E}
	EndGlobalSection
EndGlobal
